
Microsoft Visual Studio Solution File, Format Version 12.00
# Visual Studio Version 17
VisualStudioVersion = 17.6.33723.286
MinimumVisualStudioVersion = 10.0.40219.1
Project("{FAE04EC0-301F-11D3-BF4B-00C04F79EFBC}") = "Числа Фібоначчі", "Числа Фібоначчі.csproj", "{2750E9FC-D672-4262-A40A-4231B3F97D09}"
EndProject
Global
	GlobalSection(SolutionConfigurationPlatforms) = preSolution
		Debug|Any CPU = Debug|Any CPU
		Release|Any CPU = Release|Any CPU
	EndGlobalSection
	GlobalSection(ProjectConfigurationPlatforms) = postSolution
		{2750E9FC-D672-4262-A40A-4231B3F97D09}.Debug|Any CPU.ActiveCfg = Debug|Any CPU
		{2750E9FC-D672-4262-A40A-4231B3F97D09}.Debug|Any CPU.Build.0 = Debug|Any CPU
		{2750E9FC-D672-4262-A40A-4231B3F97D09}.Release|Any CPU.ActiveCfg = Release|Any CPU
		{2750E9FC-D672-4262-A40A-4231B3F97D09}.Release|Any CPU.Build.0 = Release|Any CPU
	EndGlobalSection
	GlobalSection(SolutionProperties) = preSolution
		HideSolutionNode = FALSE
	EndGlobalSection
	GlobalSection(ExtensibilityGlobals) = postSolution
		SolutionGuid = {D275BE8D-F53C-4F3E-B1DE-4E238245A7D4}
	EndGlobalSection
EndGlobal
